
Microsoft Visual Studio Solution File, Format Version 12.00
# Visual Studio Version 17
VisualStudioVersion = 17.6.33829.357
MinimumVisualStudioVersion = 10.0.40219.1
Project("{FAE04EC0-301F-11D3-BF4B-00C04F79EFBC}") = "GenshinImpact_Start_CSharpRemake", "GenshinImpact_Start_CSharpRemake\GenshinImpact_Start_CSharpRemake.csproj", "{2B740782-047E-4A50-9AF1-5F900EB96E9E}"
EndProject
Global
	GlobalSection(SolutionConfigurationPlatforms) = preSolution
		Debug|Any CPU = Debug|Any CPU
		Release|Any CPU = Release|Any CPU
	EndGlobalSection
	GlobalSection(ProjectConfigurationPlatforms) = postSolution
		{2B740782-047E-4A50-9AF1-5F900EB96E9E}.Debug|Any CPU.ActiveCfg = Debug|Any CPU
		{2B740782-047E-4A50-9AF1-5F900EB96E9E}.Debug|Any CPU.Build.0 = Debug|Any CPU
		{2B740782-047E-4A50-9AF1-5F900EB96E9E}.Release|Any CPU.ActiveCfg = Release|Any CPU
		{2B740782-047E-4A50-9AF1-5F900EB96E9E}.Release|Any CPU.Build.0 = Release|Any CPU
	EndGlobalSection
	GlobalSection(SolutionProperties) = preSolution
		HideSolutionNode = FALSE
	EndGlobalSection
	GlobalSection(ExtensibilityGlobals) = postSolution
		SolutionGuid = {43A3DEAB-53EF-4B43-842B-5107DD6B8B62}
	EndGlobalSection
EndGlobal
